// !$*UTF8*$!
{
	archiveVersion = 1;
	classes = {
	};
	objectVersion = 50;
	objects = {

/* Begin PBXBuildFile section */
		AD5F2DFD246C7D2D00CB026F /* SearchResultCell.swift in Sources */ = {isa = PBXBuildFile; fileRef = AD5F2DFC246C7D2D00CB026F /* SearchResultCell.swift */; };
		AD5F2E00246CD7AC00CB026F /* UIView+Layout.swift in Sources */ = {isa = PBXBuildFile; fileRef = AD5F2DFE246CD7AC00CB026F /* UIView+Layout.swift */; };
		AD5F2E01246CD7AC00CB026F /* VerticalStackView.swift in Sources */ = {isa = PBXBuildFile; fileRef = AD5F2DFF246CD7AC00CB026F /* VerticalStackView.swift */; };
		AD75AB7C246C480900407638 /* Constants.swift in Sources */ = {isa = PBXBuildFile; fileRef = AD75AB7B246C480900407638 /* Constants.swift */; };
		AD75AB80246C4D1900407638 /* AppSearchController.swift in Sources */ = {isa = PBXBuildFile; fileRef = AD75AB7F246C4D1900407638 /* AppSearchController.swift */; };
		AD771EEC246C25ED00AAC41E /* AppDelegate.swift in Sources */ = {isa = PBXBuildFile; fileRef = AD771EEB246C25ED00AAC41E /* AppDelegate.swift */; };
		AD771EEE246C25ED00AAC41E /* SceneDelegate.swift in Sources */ = {isa = PBXBuildFile; fileRef = AD771EED246C25ED00AAC41E /* SceneDelegate.swift */; };
		AD771EF0246C25ED00AAC41E /* BaseViewController.swift in Sources */ = {isa = PBXBuildFile; fileRef = AD771EEF246C25ED00AAC41E /* BaseViewController.swift */; };
		AD771EF3246C25ED00AAC41E /* Main.storyboard in Resources */ = {isa = PBXBuildFile; fileRef = AD771EF1246C25ED00AAC41E /* Main.storyboard */; };
		AD771EF6246C25ED00AAC41E /* AppStore.xcdatamodeld in Sources */ = {isa = PBXBuildFile; fileRef = AD771EF4246C25ED00AAC41E /* AppStore.xcdatamodeld */; };
		AD771EF8246C25EE00AAC41E /* Assets.xcassets in Resources */ = {isa = PBXBuildFile; fileRef = AD771EF7246C25EE00AAC41E /* Assets.xcassets */; };
		AD771EFB246C25EE00AAC41E /* LaunchScreen.storyboard in Resources */ = {isa = PBXBuildFile; fileRef = AD771EF9246C25EE00AAC41E /* LaunchScreen.storyboard */; };
		AD771F06246C25EE00AAC41E /* AppStoreTests.swift in Sources */ = {isa = PBXBuildFile; fileRef = AD771F05246C25EE00AAC41E /* AppStoreTests.swift */; };
		AD771F11246C25EE00AAC41E /* AppStoreUITests.swift in Sources */ = {isa = PBXBuildFile; fileRef = AD771F10246C25EE00AAC41E /* AppStoreUITests.swift */; };
		AD911F13246DA67500D9EB35 /* SearchResult.swift in Sources */ = {isa = PBXBuildFile; fileRef = AD911F12246DA67500D9EB35 /* SearchResult.swift */; };
		AD911F16246DA74700D9EB35 /* Networking.swift in Sources */ = {isa = PBXBuildFile; fileRef = AD911F15246DA74700D9EB35 /* Networking.swift */; };
/* End PBXBuildFile section */

/* Begin PBXContainerItemProxy section */
		AD771F02246C25EE00AAC41E /* PBXContainerItemProxy */ = {
			isa = PBXContainerItemProxy;
			containerPortal = AD771EE0246C25ED00AAC41E /* Project object */;
			proxyType = 1;
			remoteGlobalIDString = AD771EE7246C25ED00AAC41E;
			remoteInfo = AppStore;
		};
		AD771F0D246C25EE00AAC41E /* PBXContainerItemProxy */ = {
			isa = PBXContainerItemProxy;
			containerPortal = AD771EE0246C25ED00AAC41E /* Project object */;
			proxyType = 1;
			remoteGlobalIDString = AD771EE7246C25ED00AAC41E;
			remoteInfo = AppStore;
		};
/* End PBXContainerItemProxy section */

/* Begin PBXFileReference section */
		AD5F2DFC246C7D2D00CB026F /* SearchResultCell.swift */ = {isa = PBXFileReference; lastKnownFileType = sourcecode.swift; path = SearchResultCell.swift; sourceTree = "<group>"; };
		AD5F2DFE246CD7AC00CB026F /* UIView+Layout.swift */ = {isa = PBXFileReference; fileEncoding = 4; lastKnownFileType = sourcecode.swift; path = "UIView+Layout.swift"; sourceTree = "<group>"; };
		AD5F2DFF246CD7AC00CB026F /* VerticalStackView.swift */ = {isa = PBXFileReference; fileEncoding = 4; lastKnownFileType = sourcecode.swift; path = VerticalStackView.swift; sourceTree = "<group>"; };
		AD75AB7B246C480900407638 /* Constants.swift */ = {isa = PBXFileReference; lastKnownFileType = sourcecode.swift; path = Constants.swift; sourceTree = "<group>"; };
		AD75AB7F246C4D1900407638 /* AppSearchController.swift */ = {isa = PBXFileReference; lastKnownFileType = sourcecode.swift; path = AppSearchController.swift; sourceTree = "<group>"; };
		AD771EE8246C25ED00AAC41E /* AppStore.app */ = {isa = PBXFileReference; explicitFileType = wrapper.application; includeInIndex = 0; path = AppStore.app; sourceTree = BUILT_PRODUCTS_DIR; };
		AD771EEB246C25ED00AAC41E /* AppDelegate.swift */ = {isa = PBXFileReference; lastKnownFileType = sourcecode.swift; path = AppDelegate.swift; sourceTree = "<group>"; };
		AD771EED246C25ED00AAC41E /* SceneDelegate.swift */ = {isa = PBXFileReference; lastKnownFileType = sourcecode.swift; path = SceneDelegate.swift; sourceTree = "<group>"; };
		AD771EEF246C25ED00AAC41E /* BaseViewController.swift */ = {isa = PBXFileReference; lastKnownFileType = sourcecode.swift; path = BaseViewController.swift; sourceTree = "<group>"; };
		AD771EF2246C25ED00AAC41E /* Base */ = {isa = PBXFileReference; lastKnownFileType = file.storyboard; name = Base; path = Base.lproj/Main.storyboard; sourceTree = "<group>"; };
		AD771EF5246C25ED00AAC41E /* AppStore.xcdatamodel */ = {isa = PBXFileReference; lastKnownFileType = wrapper.xcdatamodel; path = AppStore.xcdatamodel; sourceTree = "<group>"; };
		AD771EF7246C25EE00AAC41E /* Assets.xcassets */ = {isa = PBXFileReference; lastKnownFileType = folder.assetcatalog; path = Assets.xcassets; sourceTree = "<group>"; };
		AD771EFA246C25EE00AAC41E /* Base */ = {isa = PBXFileReference; lastKnownFileType = file.storyboard; name = Base; path = Base.lproj/LaunchScreen.storyboard; sourceTree = "<group>"; };
		AD771EFC246C25EE00AAC41E /* Info.plist */ = {isa = PBXFileReference; lastKnownFileType = text.plist.xml; path = Info.plist; sourceTree = "<group>"; };
		AD771F01246C25EE00AAC41E /* AppStoreTests.xctest */ = {isa = PBXFileReference; explicitFileType = wrapper.cfbundle; includeInIndex = 0; path = AppStoreTests.xctest; sourceTree = BUILT_PRODUCTS_DIR; };
		AD771F05246C25EE00AAC41E /* AppStoreTests.swift */ = {isa = PBXFileReference; lastKnownFileType = sourcecode.swift; path = AppStoreTests.swift; sourceTree = "<group>"; };
		AD771F07246C25EE00AAC41E /* Info.plist */ = {isa = PBXFileReference; lastKnownFileType = text.plist.xml; path = Info.plist; sourceTree = "<group>"; };
		AD771F0C246C25EE00AAC41E /* AppStoreUITests.xctest */ = {isa = PBXFileReference; explicitFileType = wrapper.cfbundle; includeInIndex = 0; path = AppStoreUITests.xctest; sourceTree = BUILT_PRODUCTS_DIR; };
		AD771F10246C25EE00AAC41E /* AppStoreUITests.swift */ = {isa = PBXFileReference; lastKnownFileType = sourcecode.swift; path = AppStoreUITests.swift; sourceTree = "<group>"; };
		AD771F12246C25EE00AAC41E /* Info.plist */ = {isa = PBXFileReference; lastKnownFileType = text.plist.xml; path = Info.plist; sourceTree = "<group>"; };
		AD911F12246DA67500D9EB35 /* SearchResult.swift */ = {isa = PBXFileReference; lastKnownFileType = sourcecode.swift; path = SearchResult.swift; sourceTree = "<group>"; };
		AD911F15246DA74700D9EB35 /* Networking.swift */ = {isa = PBXFileReference; lastKnownFileType = sourcecode.swift; path = Networking.swift; sourceTree = "<group>"; };
/* End PBXFileReference section */

/* Begin PBXFrameworksBuildPhase section */
		AD771EE5246C25ED00AAC41E /* Frameworks */ = {
			isa = PBXFrameworksBuildPhase;
			buildActionMask = 2147483647;
			files = (
			);
			runOnlyForDeploymentPostprocessing = 0;
		};
		AD771EFE246C25EE00AAC41E /* Frameworks */ = {
			isa = PBXFrameworksBuildPhase;
			buildActionMask = 2147483647;
			files = (
			);
			runOnlyForDeploymentPostprocessing = 0;
		};
		AD771F09246C25EE00AAC41E /* Frameworks */ = {
			isa = PBXFrameworksBuildPhase;
			buildActionMask = 2147483647;
			files = (
			);
			runOnlyForDeploymentPostprocessing = 0;
		};
/* End PBXFrameworksBuildPhase section */

/* Begin PBXGroup section */
		AD5F2DFB246C7D0600CB026F /* Views */ = {
			isa = PBXGroup;
			children = (
				AD5F2DFC246C7D2D00CB026F /* SearchResultCell.swift */,
			);
			path = Views;
			sourceTree = "<group>";
		};
		AD75AB7D246C4CF100407638 /* ViewController */ = {
			isa = PBXGroup;
			children = (
				AD771EEF246C25ED00AAC41E /* BaseViewController.swift */,
				AD75AB7F246C4D1900407638 /* AppSearchController.swift */,
			);
			path = ViewController;
			sourceTree = "<group>";
		};
		AD75AB7E246C4D0300407638 /* Util */ = {
			isa = PBXGroup;
			children = (
				AD75AB7B246C480900407638 /* Constants.swift */,
				AD5F2DFE246CD7AC00CB026F /* UIView+Layout.swift */,
				AD5F2DFF246CD7AC00CB026F /* VerticalStackView.swift */,
			);
			path = Util;
			sourceTree = "<group>";
		};
		AD771EDF246C25ED00AAC41E = {
			isa = PBXGroup;
			children = (
				AD771EEA246C25ED00AAC41E /* AppStore */,
				AD771F04246C25EE00AAC41E /* AppStoreTests */,
				AD771F0F246C25EE00AAC41E /* AppStoreUITests */,
				AD771EE9246C25ED00AAC41E /* Products */,
			);
			sourceTree = "<group>";
		};
		AD771EE9246C25ED00AAC41E /* Products */ = {
			isa = PBXGroup;
			children = (
				AD771EE8246C25ED00AAC41E /* AppStore.app */,
				AD771F01246C25EE00AAC41E /* AppStoreTests.xctest */,
				AD771F0C246C25EE00AAC41E /* AppStoreUITests.xctest */,
			);
			name = Products;
			sourceTree = "<group>";
		};
		AD771EEA246C25ED00AAC41E /* AppStore */ = {
			isa = PBXGroup;
			children = (
				AD911F14246DA71100D9EB35 /* ViewModels */,
				AD911F11246DA66400D9EB35 /* Model */,
				AD5F2DFB246C7D0600CB026F /* Views */,
				AD75AB7E246C4D0300407638 /* Util */,
				AD75AB7D246C4CF100407638 /* ViewController */,
				AD771EEB246C25ED00AAC41E /* AppDelegate.swift */,
				AD771EED246C25ED00AAC41E /* SceneDelegate.swift */,
				AD771EF1246C25ED00AAC41E /* Main.storyboard */,
				AD771EF7246C25EE00AAC41E /* Assets.xcassets */,
				AD771EF9246C25EE00AAC41E /* LaunchScreen.storyboard */,
				AD771EFC246C25EE00AAC41E /* Info.plist */,
				AD771EF4246C25ED00AAC41E /* AppStore.xcdatamodeld */,
			);
			path = AppStore;
			sourceTree = "<group>";
		};
		AD771F04246C25EE00AAC41E /* AppStoreTests */ = {
			isa = PBXGroup;
			children = (
				AD771F05246C25EE00AAC41E /* AppStoreTests.swift */,
				AD771F07246C25EE00AAC41E /* Info.plist */,
			);
			path = AppStoreTests;
			sourceTree = "<group>";
		};
		AD771F0F246C25EE00AAC41E /* AppStoreUITests */ = {
			isa = PBXGroup;
			children = (
				AD771F10246C25EE00AAC41E /* AppStoreUITests.swift */,
				AD771F12246C25EE00AAC41E /* Info.plist */,
			);
			path = AppStoreUITests;
			sourceTree = "<group>";
		};
		AD911F11246DA66400D9EB35 /* Model */ = {
			isa = PBXGroup;
			children = (
				AD911F12246DA67500D9EB35 /* SearchResult.swift */,
				AD911F15246DA74700D9EB35 /* Networking.swift */,
			);
			path = Model;
			sourceTree = "<group>";
		};
		AD911F14246DA71100D9EB35 /* ViewModels */ = {
			isa = PBXGroup;
			children = (
			);
			path = ViewModels;
			sourceTree = "<group>";
		};
/* End PBXGroup section */

/* Begin PBXNativeTarget section */
		AD771EE7246C25ED00AAC41E /* AppStore */ = {
			isa = PBXNativeTarget;
			buildConfigurationList = AD771F15246C25EE00AAC41E /* Build configuration list for PBXNativeTarget "AppStore" */;
			buildPhases = (
				AD771EE4246C25ED00AAC41E /* Sources */,
				AD771EE5246C25ED00AAC41E /* Frameworks */,
				AD771EE6246C25ED00AAC41E /* Resources */,
			);
			buildRules = (
			);
			dependencies = (
			);
			name = AppStore;
			productName = AppStore;
			productReference = AD771EE8246C25ED00AAC41E /* AppStore.app */;
			productType = "com.apple.product-type.application";
		};
		AD771F00246C25EE00AAC41E /* AppStoreTests */ = {
			isa = PBXNativeTarget;
			buildConfigurationList = AD771F18246C25EE00AAC41E /* Build configuration list for PBXNativeTarget "AppStoreTests" */;
			buildPhases = (
				AD771EFD246C25EE00AAC41E /* Sources */,
				AD771EFE246C25EE00AAC41E /* Frameworks */,
				AD771EFF246C25EE00AAC41E /* Resources */,
			);
			buildRules = (
			);
			dependencies = (
				AD771F03246C25EE00AAC41E /* PBXTargetDependency */,
			);
			name = AppStoreTests;
			productName = AppStoreTests;
			productReference = AD771F01246C25EE00AAC41E /* AppStoreTests.xctest */;
			productType = "com.apple.product-type.bundle.unit-test";
		};
		AD771F0B246C25EE00AAC41E /* AppStoreUITests */ = {
			isa = PBXNativeTarget;
			buildConfigurationList = AD771F1B246C25EE00AAC41E /* Build configuration list for PBXNativeTarget "AppStoreUITests" */;
			buildPhases = (
				AD771F08246C25EE00AAC41E /* Sources */,
				AD771F09246C25EE00AAC41E /* Frameworks */,
				AD771F0A246C25EE00AAC41E /* Resources */,
			);
			buildRules = (
			);
			dependencies = (
				AD771F0E246C25EE00AAC41E /* PBXTargetDependency */,
			);
			name = AppStoreUITests;
			productName = AppStoreUITests;
			productReference = AD771F0C246C25EE00AAC41E /* AppStoreUITests.xctest */;
			productType = "com.apple.product-type.bundle.ui-testing";
		};
/* End PBXNativeTarget section */

/* Begin PBXProject section */
		AD771EE0246C25ED00AAC41E /* Project object */ = {
			isa = PBXProject;
			attributes = {
				LastSwiftUpdateCheck = 1140;
				LastUpgradeCheck = 1140;
				ORGANIZATIONNAME = Agredo;
				TargetAttributes = {
					AD771EE7246C25ED00AAC41E = {
						CreatedOnToolsVersion = 11.4.1;
					};
					AD771F00246C25EE00AAC41E = {
						CreatedOnToolsVersion = 11.4.1;
						TestTargetID = AD771EE7246C25ED00AAC41E;
					};
					AD771F0B246C25EE00AAC41E = {
						CreatedOnToolsVersion = 11.4.1;
						TestTargetID = AD771EE7246C25ED00AAC41E;
					};
				};
			};
			buildConfigurationList = AD771EE3246C25ED00AAC41E /* Build configuration list for PBXProject "AppStore" */;
			compatibilityVersion = "Xcode 9.3";
			developmentRegion = en;
			hasScannedForEncodings = 0;
			knownRegions = (
				en,
				Base,
			);
			mainGroup = AD771EDF246C25ED00AAC41E;
			productRefGroup = AD771EE9246C25ED00AAC41E /* Products */;
			projectDirPath = "";
			projectRoot = "";
			targets = (
				AD771EE7246C25ED00AAC41E /* AppStore */,
				AD771F00246C25EE00AAC41E /* AppStoreTests */,
				AD771F0B246C25EE00AAC41E /* AppStoreUITests */,
			);
		};
/* End PBXProject section */

/* Begin PBXResourcesBuildPhase section */
		AD771EE6246C25ED00AAC41E /* Resources */ = {
			isa = PBXResourcesBuildPhase;
			buildActionMask = 2147483647;
			files = (
				AD771EFB246C25EE00AAC41E /* LaunchScreen.storyboard in Resources */,
				AD771EF8246C25EE00AAC41E /* Assets.xcassets in Resources */,
				AD771EF3246C25ED00AAC41E /* Main.storyboard in Resources */,
			);
			runOnlyForDeploymentPostprocessing = 0;
		};
		AD771EFF246C25EE00AAC41E /* Resources */ = {
			isa = PBXResourcesBuildPhase;
			buildActionMask = 2147483647;
			files = (
			);
			runOnlyForDeploymentPostprocessing = 0;
		};
		AD771F0A246C25EE00AAC41E /* Resources */ = {
			isa = PBXResourcesBuildPhase;
			buildActionMask = 2147483647;
			files = (
			);
			runOnlyForDeploymentPostprocessing = 0;
		};
/* End PBXResourcesBuildPhase section */

/* Begin PBXSourcesBuildPhase section */
		AD771EE4246C25ED00AAC41E /* Sources */ = {
			isa = PBXSourcesBuildPhase;
			buildActionMask = 2147483647;
			files = (
				AD5F2E00246CD7AC00CB026F /* UIView+Layout.swift in Sources */,
				AD911F16246DA74700D9EB35 /* Networking.swift in Sources */,
				AD5F2E01246CD7AC00CB026F /* VerticalStackView.swift in Sources */,
				AD911F13246DA67500D9EB35 /* SearchResult.swift in Sources */,
				AD5F2DFD246C7D2D00CB026F /* SearchResultCell.swift in Sources */,
				AD75AB7C246C480900407638 /* Constants.swift in Sources */,
				AD75AB80246C4D1900407638 /* AppSearchController.swift in Sources */,
				AD771EF0246C25ED00AAC41E /* BaseViewController.swift in Sources */,
				AD771EEC246C25ED00AAC41E /* AppDelegate.swift in Sources */,
				AD771EEE246C25ED00AAC41E /* SceneDelegate.swift in Sources */,
				AD771EF6246C25ED00AAC41E /* AppStore.xcdatamodeld in Sources */,
			);
			runOnlyForDeploymentPostprocessing = 0;
		};
		AD771EFD246C25EE00AAC41E /* Sources */ = {
			isa = PBXSourcesBuildPhase;
			buildActionMask = 2147483647;
			files = (
				AD771F06246C25EE00AAC41E /* AppStoreTests.swift in Sources */,
			);
			runOnlyForDeploymentPostprocessing = 0;
		};
		AD771F08246C25EE00AAC41E /* Sources */ = {
			isa = PBXSourcesBuildPhase;
			buildActionMask = 2147483647;
			files = (
				AD771F11246C25EE00AAC41E /* AppStoreUITests.swift in Sources */,
			);
			runOnlyForDeploymentPostprocessing = 0;
		};
/* End PBXSourcesBuildPhase section */

/* Begin PBXTargetDependency section */
		AD771F03246C25EE00AAC41E /* PBXTargetDependency */ = {
			isa = PBXTargetDependency;
			target = AD771EE7246C25ED00AAC41E /* AppStore */;
			targetProxy = AD771F02246C25EE00AAC41E /* PBXContainerItemProxy */;
		};
		AD771F0E246C25EE00AAC41E /* PBXTargetDependency */ = {
			isa = PBXTargetDependency;
			target = AD771EE7246C25ED00AAC41E /* AppStore */;
			targetProxy = AD771F0D246C25EE00AAC41E /* PBXContainerItemProxy */;
		};
/* End PBXTargetDependency section */

/* Begin PBXVariantGroup section */
		AD771EF1246C25ED00AAC41E /* Main.storyboard */ = {
			isa = PBXVariantGroup;
			children = (
				AD771EF2246C25ED00AAC41E /* Base */,
			);
			name = Main.storyboard;
			sourceTree = "<group>";
		};
		AD771EF9246C25EE00AAC41E /* LaunchScreen.storyboard */ = {
			isa = PBXVariantGroup;
			children = (
				AD771EFA246C25EE00AAC41E /* Base */,
			);
			name = LaunchScreen.storyboard;
			sourceTree = "<group>";
		};
/* End PBXVariantGroup section */

/* Begin XCBuildConfiguration section */
		AD771F13246C25EE00AAC41E /* Debug */ = {
			isa = XCBuildConfiguration;
			buildSettings = {
				ALWAYS_SEARCH_USER_PATHS = NO;
				CLANG_ANALYZER_NONNULL = YES;
				CLANG_ANALYZER_NUMBER_OBJECT_CONVERSION = YES_AGGRESSIVE;
				CLANG_CXX_LANGUAGE_STANDARD = "gnu++14";
				CLANG_CXX_LIBRARY = "libc++";
				CLANG_ENABLE_MODULES = YES;
				CLANG_ENABLE_OBJC_ARC = YES;
				CLANG_ENABLE_OBJC_WEAK = YES;
				CLANG_WARN_BLOCK_CAPTURE_AUTORELEASING = YES;
				CLANG_WARN_BOOL_CONVERSION = YES;
				CLANG_WARN_COMMA = YES;
				CLANG_WARN_CONSTANT_CONVERSION = YES;
				CLANG_WARN_DEPRECATED_OBJC_IMPLEMENTATIONS = YES;
				CLANG_WARN_DIRECT_OBJC_ISA_USAGE = YES_ERROR;
				CLANG_WARN_DOCUMENTATION_COMMENTS = YES;
				CLANG_WARN_EMPTY_BODY = YES;
				CLANG_WARN_ENUM_CONVERSION = YES;
				CLANG_WARN_INFINITE_RECURSION = YES;
				CLANG_WARN_INT_CONVERSION = YES;
				CLANG_WARN_NON_LITERAL_NULL_CONVERSION = YES;
				CLANG_WARN_OBJC_IMPLICIT_RETAIN_SELF = YES;
				CLANG_WARN_OBJC_LITERAL_CONVERSION = YES;
				CLANG_WARN_OBJC_ROOT_CLASS = YES_ERROR;
				CLANG_WARN_RANGE_LOOP_ANALYSIS = YES;
				CLANG_WARN_STRICT_PROTOTYPES = YES;
				CLANG_WARN_SUSPICIOUS_MOVE = YES;
				CLANG_WARN_UNGUARDED_AVAILABILITY = YES_AGGRESSIVE;
				CLANG_WARN_UNREACHABLE_CODE = YES;
				CLANG_WARN__DUPLICATE_METHOD_MATCH = YES;
				COPY_PHASE_STRIP = NO;
				DEBUG_INFORMATION_FORMAT = dwarf;
				ENABLE_STRICT_OBJC_MSGSEND = YES;
				ENABLE_TESTABILITY = YES;
				GCC_C_LANGUAGE_STANDARD = gnu11;
				GCC_DYNAMIC_NO_PIC = NO;
				GCC_NO_COMMON_BLOCKS = YES;
				GCC_OPTIMIZATION_LEVEL = 0;
				GCC_PREPROCESSOR_DEFINITIONS = (
					"DEBUG=1",
					"$(inherited)",
				);
				GCC_WARN_64_TO_32_BIT_CONVERSION = YES;
				GCC_WARN_ABOUT_RETURN_TYPE = YES_ERROR;
				GCC_WARN_UNDECLARED_SELECTOR = YES;
				GCC_WARN_UNINITIALIZED_AUTOS = YES_AGGRESSIVE;
				GCC_WARN_UNUSED_FUNCTION = YES;
				GCC_WARN_UNUSED_VARIABLE = YES;
				IPHONEOS_DEPLOYMENT_TARGET = 13.4;
				MTL_ENABLE_DEBUG_INFO = INCLUDE_SOURCE;
				MTL_FAST_MATH = YES;
				ONLY_ACTIVE_ARCH = YES;
				SDKROOT = iphoneos;
				SWIFT_ACTIVE_COMPILATION_CONDITIONS = DEBUG;
				SWIFT_OPTIMIZATION_LEVEL = "-Onone";
			};
			name = Debug;
		};
		AD771F14246C25EE00AAC41E /* Release */ = {
			isa = XCBuildConfiguration;
			buildSettings = {
				ALWAYS_SEARCH_USER_PATHS = NO;
				CLANG_ANALYZER_NONNULL = YES;
				CLANG_ANALYZER_NUMBER_OBJECT_CONVERSION = YES_AGGRESSIVE;
				CLANG_CXX_LANGUAGE_STANDARD = "gnu++14";
				CLANG_CXX_LIBRARY = "libc++";
				CLANG_ENABLE_MODULES = YES;
				CLANG_ENABLE_OBJC_ARC = YES;
				CLANG_ENABLE_OBJC_WEAK = YES;
				CLANG_WARN_BLOCK_CAPTURE_AUTORELEASING = YES;
				CLANG_WARN_BOOL_CONVERSION = YES;
				CLANG_WARN_COMMA = YES;
				CLANG_WARN_CONSTANT_CONVERSION = YES;
				CLANG_WARN_DEPRECATED_OBJC_IMPLEMENTATIONS = YES;
				CLANG_WARN_DIRECT_OBJC_ISA_USAGE = YES_ERROR;
				CLANG_WARN_DOCUMENTATION_COMMENTS = YES;
				CLANG_WARN_EMPTY_BODY = YES;
				CLANG_WARN_ENUM_CONVERSION = YES;
				CLANG_WARN_INFINITE_RECURSION = YES;
				CLANG_WARN_INT_CONVERSION = YES;
				CLANG_WARN_NON_LITERAL_NULL_CONVERSION = YES;
				CLANG_WARN_OBJC_IMPLICIT_RETAIN_SELF = YES;
				CLANG_WARN_OBJC_LITERAL_CONVERSION = YES;
				CLANG_WARN_OBJC_ROOT_CLASS = YES_ERROR;
				CLANG_WARN_RANGE_LOOP_ANALYSIS = YES;
				CLANG_WARN_STRICT_PROTOTYPES = YES;
				CLANG_WARN_SUSPICIOUS_MOVE = YES;
				CLANG_WARN_UNGUARDED_AVAILABILITY = YES_AGGRESSIVE;
				CLANG_WARN_UNREACHABLE_CODE = YES;
				CLANG_WARN__DUPLICATE_METHOD_MATCH = YES;
				COPY_PHASE_STRIP = NO;
				DEBUG_INFORMATION_FORMAT = "dwarf-with-dsym";
				ENABLE_NS_ASSERTIONS = NO;
				ENABLE_STRICT_OBJC_MSGSEND = YES;
				GCC_C_LANGUAGE_STANDARD = gnu11;
				GCC_NO_COMMON_BLOCKS = YES;
				GCC_WARN_64_TO_32_BIT_CONVERSION = YES;
				GCC_WARN_ABOUT_RETURN_TYPE = YES_ERROR;
				GCC_WARN_UNDECLARED_SELECTOR = YES;
				GCC_WARN_UNINITIALIZED_AUTOS = YES_AGGRESSIVE;
				GCC_WARN_UNUSED_FUNCTION = YES;
				GCC_WARN_UNUSED_VARIABLE = YES;
				IPHONEOS_DEPLOYMENT_TARGET = 13.4;
				MTL_ENABLE_DEBUG_INFO = NO;
				MTL_FAST_MATH = YES;
				SDKROOT = iphoneos;
				SWIFT_COMPILATION_MODE = wholemodule;
				SWIFT_OPTIMIZATION_LEVEL = "-O";
				VALIDATE_PRODUCT = YES;
			};
			name = Release;
		};
		AD771F16246C25EE00AAC41E /* Debug */ = {
			isa = XCBuildConfiguration;
			buildSettings = {
				ASSETCATALOG_COMPILER_APPICON_NAME = AppIcon;
				CODE_SIGN_STYLE = Automatic;
				DEVELOPMENT_TEAM = XP5293KE77;
				INFOPLIST_FILE = AppStore/Info.plist;
				LD_RUNPATH_SEARCH_PATHS = (
					"$(inherited)",
					"@executable_path/Frameworks",
				);
				PRODUCT_BUNDLE_IDENTIFIER = com.agredo.AppStore;
				PRODUCT_NAME = "$(TARGET_NAME)";
				SWIFT_VERSION = 5.0;
				TARGETED_DEVICE_FAMILY = "1,2";
			};
			name = Debug;
		};
		AD771F17246C25EE00AAC41E /* Release */ = {
			isa = XCBuildConfiguration;
			buildSettings = {
				ASSETCATALOG_COMPILER_APPICON_NAME = AppIcon;
				CODE_SIGN_STYLE = Automatic;
				DEVELOPMENT_TEAM = XP5293KE77;
				INFOPLIST_FILE = AppStore/Info.plist;
				LD_RUNPATH_SEARCH_PATHS = (
					"$(inherited)",
					"@executable_path/Frameworks",
				);
				PRODUCT_BUNDLE_IDENTIFIER = com.agredo.AppStore;
				PRODUCT_NAME = "$(TARGET_NAME)";
				SWIFT_VERSION = 5.0;
				TARGETED_DEVICE_FAMILY = "1,2";
			};
			name = Release;
		};
		AD771F19246C25EE00AAC41E /* Debug */ = {
			isa = XCBuildConfiguration;
			buildSettings = {
				ALWAYS_EMBED_SWIFT_STANDARD_LIBRARIES = YES;
				BUNDLE_LOADER = "$(TEST_HOST)";
				CODE_SIGN_STYLE = Automatic;
				DEVELOPMENT_TEAM = XP5293KE77;
				INFOPLIST_FILE = AppStoreTests/Info.plist;
				IPHONEOS_DEPLOYMENT_TARGET = 13.4;
				LD_RUNPATH_SEARCH_PATHS = (
					"$(inherited)",
					"@executable_path/Frameworks",
					"@loader_path/Frameworks",
				);
				PRODUCT_BUNDLE_IDENTIFIER = com.agredo.AppStoreTests;
				PRODUCT_NAME = "$(TARGET_NAME)";
				SWIFT_VERSION = 5.0;
				TARGETED_DEVICE_FAMILY = "1,2";
				TEST_HOST = "$(BUILT_PRODUCTS_DIR)/AppStore.app/AppStore";
			};
			name = Debug;
		};
		AD771F1A246C25EE00AAC41E /* Release */ = {
			isa = XCBuildConfiguration;
			buildSettings = {
				ALWAYS_EMBED_SWIFT_STANDARD_LIBRARIES = YES;
				BUNDLE_LOADER = "$(TEST_HOST)";
				CODE_SIGN_STYLE = Automatic;
				DEVELOPMENT_TEAM = XP5293KE77;
				INFOPLIST_FILE = AppStoreTests/Info.plist;
				IPHONEOS_DEPLOYMENT_TARGET = 13.4;
				LD_RUNPATH_SEARCH_PATHS = (
					"$(inherited)",
					"@executable_path/Frameworks",
					"@loader_path/Frameworks",
				);
				PRODUCT_BUNDLE_IDENTIFIER = com.agredo.AppStoreTests;
				PRODUCT_NAME = "$(TARGET_NAME)";
				SWIFT_VERSION = 5.0;
				TARGETED_DEVICE_FAMILY = "1,2";
				TEST_HOST = "$(BUILT_PRODUCTS_DIR)/AppStore.app/AppStore";
			};
			name = Release;
		};
		AD771F1C246C25EE00AAC41E /* Debug */ = {
			isa = XCBuildConfiguration;
			buildSettings = {
				ALWAYS_EMBED_SWIFT_STANDARD_LIBRARIES = YES;
				CODE_SIGN_STYLE = Automatic;
				DEVELOPMENT_TEAM = XP5293KE77;
				INFOPLIST_FILE = AppStoreUITests/Info.plist;
				LD_RUNPATH_SEARCH_PATHS = (
					"$(inherited)",
					"@executable_path/Frameworks",
					"@loader_path/Frameworks",
				);
				PRODUCT_BUNDLE_IDENTIFIER = com.agredo.AppStoreUITests;
				PRODUCT_NAME = "$(TARGET_NAME)";
				SWIFT_VERSION = 5.0;
				TARGETED_DEVICE_FAMILY = "1,2";
				TEST_TARGET_NAME = AppStore;
			};
			name = Debug;
		};
		AD771F1D246C25EE00AAC41E /* Release */ = {
			isa = XCBuildConfiguration;
			buildSettings = {
				ALWAYS_EMBED_SWIFT_STANDARD_LIBRARIES = YES;
				CODE_SIGN_STYLE = Automatic;
				DEVELOPMENT_TEAM = XP5293KE77;
				INFOPLIST_FILE = AppStoreUITests/Info.plist;
				LD_RUNPATH_SEARCH_PATHS = (
					"$(inherited)",
					"@executable_path/Frameworks",
					"@loader_path/Frameworks",
				);
				PRODUCT_BUNDLE_IDENTIFIER = com.agredo.AppStoreUITests;
				PRODUCT_NAME = "$(TARGET_NAME)";
				SWIFT_VERSION = 5.0;
				TARGETED_DEVICE_FAMILY = "1,2";
				TEST_TARGET_NAME = AppStore;
			};
			name = Release;
		};
/* End XCBuildConfiguration section */

/* Begin XCConfigurationList section */
		AD771EE3246C25ED00AAC41E /* Build configuration list for PBXProject "AppStore" */ = {
			isa = XCConfigurationList;
			buildConfigurations = (
				AD771F13246C25EE00AAC41E /* Debug */,
				AD771F14246C25EE00AAC41E /* Release */,
			);
			defaultConfigurationIsVisible = 0;
			defaultConfigurationName = Release;
		};
		AD771F15246C25EE00AAC41E /* Build configuration list for PBXNativeTarget "AppStore" */ = {
			isa = XCConfigurationList;
			buildConfigurations = (
				AD771F16246C25EE00AAC41E /* Debug */,
				AD771F17246C25EE00AAC41E /* Release */,
			);
			defaultConfigurationIsVisible = 0;
			defaultConfigurationName = Release;
		};
		AD771F18246C25EE00AAC41E /* Build configuration list for PBXNativeTarget "AppStoreTests" */ = {
			isa = XCConfigurationList;
			buildConfigurations = (
				AD771F19246C25EE00AAC41E /* Debug */,
				AD771F1A246C25EE00AAC41E /* Release */,
			);
			defaultConfigurationIsVisible = 0;
			defaultConfigurationName = Release;
		};
		AD771F1B246C25EE00AAC41E /* Build configuration list for PBXNativeTarget "AppStoreUITests" */ = {
			isa = XCConfigurationList;
			buildConfigurations = (
				AD771F1C246C25EE00AAC41E /* Debug */,
				AD771F1D246C25EE00AAC41E /* Release */,
			);
			defaultConfigurationIsVisible = 0;
			defaultConfigurationName = Release;
		};
/* End XCConfigurationList section */

/* Begin XCVersionGroup section */
		AD771EF4246C25ED00AAC41E /* AppStore.xcdatamodeld */ = {
			isa = XCVersionGroup;
			children = (
				AD771EF5246C25ED00AAC41E /* AppStore.xcdatamodel */,
			);
			currentVersion = AD771EF5246C25ED00AAC41E /* AppStore.xcdatamodel */;
			path = AppStore.xcdatamodeld;
			sourceTree = "<group>";
			versionGroupType = wrapper.xcdatamodel;
		};
/* End XCVersionGroup section */
	};
	rootObject = AD771EE0246C25ED00AAC41E /* Project object */;
}
