// !$*UTF8*$!
{
	archiveVersion = 1;
	classes = {
	};
	objectVersion = 51;
	objects = {

/* Begin PBXBuildFile section */
		7FB42D3A2BE8084488C24F32 /* Pods_AppStore_AppStoreUITests.framework in Frameworks */ = {isa = PBXBuildFile; fileRef = FA1E99A1A2FBB3634358AF03 /* Pods_AppStore_AppStoreUITests.framework */; };
		AD2786DF2471DDE800A35D46 /* AppsHeaderHorizontalController.swift in Sources */ = {isa = PBXBuildFile; fileRef = AD2786DE2471DDE800A35D46 /* AppsHeaderHorizontalController.swift */; };
		AD2786E12471E03A00A35D46 /* AppsHeaderCell.swift in Sources */ = {isa = PBXBuildFile; fileRef = AD2786E02471E03A00A35D46 /* AppsHeaderCell.swift */; };
		AD3514C32472D67800447F6A /* SocialHeader.swift in Sources */ = {isa = PBXBuildFile; fileRef = AD3514C22472D67800447F6A /* SocialHeader.swift */; };
		AD3514C5247310B000447F6A /* BetterSnappingLayout.swift in Sources */ = {isa = PBXBuildFile; fileRef = AD3514C4247310B000447F6A /* BetterSnappingLayout.swift */; };
		AD3514C7247311AC00447F6A /* HorizontalSnappingViewController.swift in Sources */ = {isa = PBXBuildFile; fileRef = AD3514C6247311AC00447F6A /* HorizontalSnappingViewController.swift */; };
		AD3514CA24731F9E00447F6A /* AppDetailController.swift in Sources */ = {isa = PBXBuildFile; fileRef = AD3514C924731F9E00447F6A /* AppDetailController.swift */; };
		AD3514CD24735D5500447F6A /* AppDetailCell.swift in Sources */ = {isa = PBXBuildFile; fileRef = AD3514CC24735D5500447F6A /* AppDetailCell.swift */; };
		AD5F2DFD246C7D2D00CB026F /* SearchResultCell.swift in Sources */ = {isa = PBXBuildFile; fileRef = AD5F2DFC246C7D2D00CB026F /* SearchResultCell.swift */; };
		AD5F2E00246CD7AC00CB026F /* UIView+Layout.swift in Sources */ = {isa = PBXBuildFile; fileRef = AD5F2DFE246CD7AC00CB026F /* UIView+Layout.swift */; };
		AD5F2E01246CD7AC00CB026F /* VerticalStackView.swift in Sources */ = {isa = PBXBuildFile; fileRef = AD5F2DFF246CD7AC00CB026F /* VerticalStackView.swift */; };
		AD6C57B524704AAE00CE60E7 /* Extensions.swift in Sources */ = {isa = PBXBuildFile; fileRef = AD6C57B424704AAE00CE60E7 /* Extensions.swift */; };
		AD724BEF2470E37C00E9E1BB /* AppsPageHeader.swift in Sources */ = {isa = PBXBuildFile; fileRef = AD724BEE2470E37C00E9E1BB /* AppsPageHeader.swift */; };
		AD75AB7C246C480900407638 /* Constants.swift in Sources */ = {isa = PBXBuildFile; fileRef = AD75AB7B246C480900407638 /* Constants.swift */; };
		AD75AB80246C4D1900407638 /* AppSearchController.swift in Sources */ = {isa = PBXBuildFile; fileRef = AD75AB7F246C4D1900407638 /* AppSearchController.swift */; };
		AD771EEC246C25ED00AAC41E /* AppDelegate.swift in Sources */ = {isa = PBXBuildFile; fileRef = AD771EEB246C25ED00AAC41E /* AppDelegate.swift */; };
		AD771EEE246C25ED00AAC41E /* SceneDelegate.swift in Sources */ = {isa = PBXBuildFile; fileRef = AD771EED246C25ED00AAC41E /* SceneDelegate.swift */; };
		AD771EF0246C25ED00AAC41E /* BaseViewController.swift in Sources */ = {isa = PBXBuildFile; fileRef = AD771EEF246C25ED00AAC41E /* BaseViewController.swift */; };
		AD771EF3246C25ED00AAC41E /* Main.storyboard in Resources */ = {isa = PBXBuildFile; fileRef = AD771EF1246C25ED00AAC41E /* Main.storyboard */; };
		AD771EF6246C25ED00AAC41E /* AppStore.xcdatamodeld in Sources */ = {isa = PBXBuildFile; fileRef = AD771EF4246C25ED00AAC41E /* AppStore.xcdatamodeld */; };
		AD771EF8246C25EE00AAC41E /* Assets.xcassets in Resources */ = {isa = PBXBuildFile; fileRef = AD771EF7246C25EE00AAC41E /* Assets.xcassets */; };
		AD771EFB246C25EE00AAC41E /* LaunchScreen.storyboard in Resources */ = {isa = PBXBuildFile; fileRef = AD771EF9246C25EE00AAC41E /* LaunchScreen.storyboard */; };
		AD771F06246C25EE00AAC41E /* AppStoreTests.swift in Sources */ = {isa = PBXBuildFile; fileRef = AD771F05246C25EE00AAC41E /* AppStoreTests.swift */; };
		AD771F11246C25EE00AAC41E /* AppStoreUITests.swift in Sources */ = {isa = PBXBuildFile; fileRef = AD771F10246C25EE00AAC41E /* AppStoreUITests.swift */; };
		AD7AAF6C246F25EE00578846 /* AppCellForGroups.swift in Sources */ = {isa = PBXBuildFile; fileRef = AD7AAF6B246F25EE00578846 /* AppCellForGroups.swift */; };
		AD911F13246DA67500D9EB35 /* SearchResult.swift in Sources */ = {isa = PBXBuildFile; fileRef = AD911F12246DA67500D9EB35 /* SearchResult.swift */; };
		AD911F16246DA74700D9EB35 /* Networking.swift in Sources */ = {isa = PBXBuildFile; fileRef = AD911F15246DA74700D9EB35 /* Networking.swift */; };
		AD911F1A246EE65800D9EB35 /* AppsBaseCollectionViewController.swift in Sources */ = {isa = PBXBuildFile; fileRef = AD911F19246EE65800D9EB35 /* AppsBaseCollectionViewController.swift */; };
		AD911F1C246EE66E00D9EB35 /* AppsHorizontalController.swift in Sources */ = {isa = PBXBuildFile; fileRef = AD911F1B246EE66E00D9EB35 /* AppsHorizontalController.swift */; };
		AD911F1E246EE6A100D9EB35 /* BaseCollectionViewController.swift in Sources */ = {isa = PBXBuildFile; fileRef = AD911F1D246EE6A100D9EB35 /* BaseCollectionViewController.swift */; };
		AD911F20246EE89800D9EB35 /* AppsGroupCell.swift in Sources */ = {isa = PBXBuildFile; fileRef = AD911F1F246EE89800D9EB35 /* AppsGroupCell.swift */; };
		ADB679912474343700263828 /* PreviewScreenshotsController.swift in Sources */ = {isa = PBXBuildFile; fileRef = ADB679902474343700263828 /* PreviewScreenshotsController.swift */; };
		ADB67993247434F000263828 /* PreviewScreenshotCell.swift in Sources */ = {isa = PBXBuildFile; fileRef = ADB67992247434F000263828 /* PreviewScreenshotCell.swift */; };
		ADB679952474559000263828 /* ReviewCell.swift in Sources */ = {isa = PBXBuildFile; fileRef = ADB679942474559000263828 /* ReviewCell.swift */; };
		ADB679972474566200263828 /* ReviewCollectionController.swift in Sources */ = {isa = PBXBuildFile; fileRef = ADB679962474566200263828 /* ReviewCollectionController.swift */; };
		ADB67999247456BF00263828 /* ReviewHorizontalCells.swift in Sources */ = {isa = PBXBuildFile; fileRef = ADB67998247456BF00263828 /* ReviewHorizontalCells.swift */; };
		ADB6799B2474829100263828 /* Reviews.swift in Sources */ = {isa = PBXBuildFile; fileRef = ADB6799A2474829100263828 /* Reviews.swift */; };
		ADDC94092471EC8300402059 /* AppGroup.swift in Sources */ = {isa = PBXBuildFile; fileRef = ADDC94082471EC8300402059 /* AppGroup.swift */; };
		C199F3CBEE5AAA2040F40BC4 /* Pods_AppStoreTests.framework in Frameworks */ = {isa = PBXBuildFile; fileRef = 3E1FBDEC362CE096F8398C15 /* Pods_AppStoreTests.framework */; };
		E6FCF72CC126685D8A810B8A /* Pods_AppStore.framework in Frameworks */ = {isa = PBXBuildFile; fileRef = 4F5A112B1E1D99F86571D6E8 /* Pods_AppStore.framework */; };
/* End PBXBuildFile section */

/* Begin PBXContainerItemProxy section */
		AD771F02246C25EE00AAC41E /* PBXContainerItemProxy */ = {
			isa = PBXContainerItemProxy;
			containerPortal = AD771EE0246C25ED00AAC41E /* Project object */;
			proxyType = 1;
			remoteGlobalIDString = AD771EE7246C25ED00AAC41E;
			remoteInfo = AppStore;
		};
		AD771F0D246C25EE00AAC41E /* PBXContainerItemProxy */ = {
			isa = PBXContainerItemProxy;
			containerPortal = AD771EE0246C25ED00AAC41E /* Project object */;
			proxyType = 1;
			remoteGlobalIDString = AD771EE7246C25ED00AAC41E;
			remoteInfo = AppStore;
		};
/* End PBXContainerItemProxy section */

/* Begin PBXFileReference section */
		3E1FBDEC362CE096F8398C15 /* Pods_AppStoreTests.framework */ = {isa = PBXFileReference; explicitFileType = wrapper.framework; includeInIndex = 0; path = Pods_AppStoreTests.framework; sourceTree = BUILT_PRODUCTS_DIR; };
		4F5A112B1E1D99F86571D6E8 /* Pods_AppStore.framework */ = {isa = PBXFileReference; explicitFileType = wrapper.framework; includeInIndex = 0; path = Pods_AppStore.framework; sourceTree = BUILT_PRODUCTS_DIR; };
		77A85F47A31CBDF361CDB627 /* Pods-AppStore-AppStoreUITests.release.xcconfig */ = {isa = PBXFileReference; includeInIndex = 1; lastKnownFileType = text.xcconfig; name = "Pods-AppStore-AppStoreUITests.release.xcconfig"; path = "Target Support Files/Pods-AppStore-AppStoreUITests/Pods-AppStore-AppStoreUITests.release.xcconfig"; sourceTree = "<group>"; };
		8184D00DC41ABCDF65D45361 /* Pods-AppStore.release.xcconfig */ = {isa = PBXFileReference; includeInIndex = 1; lastKnownFileType = text.xcconfig; name = "Pods-AppStore.release.xcconfig"; path = "Target Support Files/Pods-AppStore/Pods-AppStore.release.xcconfig"; sourceTree = "<group>"; };
		91BF191F6F1EB8D709F5CE05 /* Pods-AppStore-AppStoreUITests.debug.xcconfig */ = {isa = PBXFileReference; includeInIndex = 1; lastKnownFileType = text.xcconfig; name = "Pods-AppStore-AppStoreUITests.debug.xcconfig"; path = "Target Support Files/Pods-AppStore-AppStoreUITests/Pods-AppStore-AppStoreUITests.debug.xcconfig"; sourceTree = "<group>"; };
		94124C5824D26E936F783DFD /* Pods-AppStoreTests.release.xcconfig */ = {isa = PBXFileReference; includeInIndex = 1; lastKnownFileType = text.xcconfig; name = "Pods-AppStoreTests.release.xcconfig"; path = "Target Support Files/Pods-AppStoreTests/Pods-AppStoreTests.release.xcconfig"; sourceTree = "<group>"; };
		96FA017C243068BF9F206757 /* Pods-AppStore.debug.xcconfig */ = {isa = PBXFileReference; includeInIndex = 1; lastKnownFileType = text.xcconfig; name = "Pods-AppStore.debug.xcconfig"; path = "Target Support Files/Pods-AppStore/Pods-AppStore.debug.xcconfig"; sourceTree = "<group>"; };
		AD2786DE2471DDE800A35D46 /* AppsHeaderHorizontalController.swift */ = {isa = PBXFileReference; lastKnownFileType = sourcecode.swift; path = AppsHeaderHorizontalController.swift; sourceTree = "<group>"; };
		AD2786E02471E03A00A35D46 /* AppsHeaderCell.swift */ = {isa = PBXFileReference; lastKnownFileType = sourcecode.swift; path = AppsHeaderCell.swift; sourceTree = "<group>"; };
		AD3514C22472D67800447F6A /* SocialHeader.swift */ = {isa = PBXFileReference; lastKnownFileType = sourcecode.swift; path = SocialHeader.swift; sourceTree = "<group>"; };
		AD3514C4247310B000447F6A /* BetterSnappingLayout.swift */ = {isa = PBXFileReference; lastKnownFileType = sourcecode.swift; path = BetterSnappingLayout.swift; sourceTree = "<group>"; };
		AD3514C6247311AC00447F6A /* HorizontalSnappingViewController.swift */ = {isa = PBXFileReference; lastKnownFileType = sourcecode.swift; path = HorizontalSnappingViewController.swift; sourceTree = "<group>"; };
		AD3514C924731F9E00447F6A /* AppDetailController.swift */ = {isa = PBXFileReference; lastKnownFileType = sourcecode.swift; path = AppDetailController.swift; sourceTree = "<group>"; };
		AD3514CC24735D5500447F6A /* AppDetailCell.swift */ = {isa = PBXFileReference; lastKnownFileType = sourcecode.swift; path = AppDetailCell.swift; sourceTree = "<group>"; };
		AD5F2DFC246C7D2D00CB026F /* SearchResultCell.swift */ = {isa = PBXFileReference; lastKnownFileType = sourcecode.swift; path = SearchResultCell.swift; sourceTree = "<group>"; };
		AD5F2DFE246CD7AC00CB026F /* UIView+Layout.swift */ = {isa = PBXFileReference; fileEncoding = 4; lastKnownFileType = sourcecode.swift; path = "UIView+Layout.swift"; sourceTree = "<group>"; };
		AD5F2DFF246CD7AC00CB026F /* VerticalStackView.swift */ = {isa = PBXFileReference; fileEncoding = 4; lastKnownFileType = sourcecode.swift; path = VerticalStackView.swift; sourceTree = "<group>"; };
		AD6C57B424704AAE00CE60E7 /* Extensions.swift */ = {isa = PBXFileReference; lastKnownFileType = sourcecode.swift; path = Extensions.swift; sourceTree = "<group>"; };
		AD724BEE2470E37C00E9E1BB /* AppsPageHeader.swift */ = {isa = PBXFileReference; lastKnownFileType = sourcecode.swift; path = AppsPageHeader.swift; sourceTree = "<group>"; };
		AD75AB7B246C480900407638 /* Constants.swift */ = {isa = PBXFileReference; lastKnownFileType = sourcecode.swift; path = Constants.swift; sourceTree = "<group>"; };
		AD75AB7F246C4D1900407638 /* AppSearchController.swift */ = {isa = PBXFileReference; lastKnownFileType = sourcecode.swift; path = AppSearchController.swift; sourceTree = "<group>"; };
		AD771EE8246C25ED00AAC41E /* AppStore.app */ = {isa = PBXFileReference; explicitFileType = wrapper.application; includeInIndex = 0; path = AppStore.app; sourceTree = BUILT_PRODUCTS_DIR; };
		AD771EEB246C25ED00AAC41E /* AppDelegate.swift */ = {isa = PBXFileReference; lastKnownFileType = sourcecode.swift; path = AppDelegate.swift; sourceTree = "<group>"; };
		AD771EED246C25ED00AAC41E /* SceneDelegate.swift */ = {isa = PBXFileReference; lastKnownFileType = sourcecode.swift; path = SceneDelegate.swift; sourceTree = "<group>"; };
		AD771EEF246C25ED00AAC41E /* BaseViewController.swift */ = {isa = PBXFileReference; lastKnownFileType = sourcecode.swift; path = BaseViewController.swift; sourceTree = "<group>"; };
		AD771EF2246C25ED00AAC41E /* Base */ = {isa = PBXFileReference; lastKnownFileType = file.storyboard; name = Base; path = Base.lproj/Main.storyboard; sourceTree = "<group>"; };
		AD771EF5246C25ED00AAC41E /* AppStore.xcdatamodel */ = {isa = PBXFileReference; lastKnownFileType = wrapper.xcdatamodel; path = AppStore.xcdatamodel; sourceTree = "<group>"; };
		AD771EF7246C25EE00AAC41E /* Assets.xcassets */ = {isa = PBXFileReference; lastKnownFileType = folder.assetcatalog; path = Assets.xcassets; sourceTree = "<group>"; };
		AD771EFA246C25EE00AAC41E /* Base */ = {isa = PBXFileReference; lastKnownFileType = file.storyboard; name = Base; path = Base.lproj/LaunchScreen.storyboard; sourceTree = "<group>"; };
		AD771EFC246C25EE00AAC41E /* Info.plist */ = {isa = PBXFileReference; lastKnownFileType = text.plist.xml; path = Info.plist; sourceTree = "<group>"; };
		AD771F01246C25EE00AAC41E /* AppStoreTests.xctest */ = {isa = PBXFileReference; explicitFileType = wrapper.cfbundle; includeInIndex = 0; path = AppStoreTests.xctest; sourceTree = BUILT_PRODUCTS_DIR; };
		AD771F05246C25EE00AAC41E /* AppStoreTests.swift */ = {isa = PBXFileReference; lastKnownFileType = sourcecode.swift; path = AppStoreTests.swift; sourceTree = "<group>"; };
		AD771F07246C25EE00AAC41E /* Info.plist */ = {isa = PBXFileReference; lastKnownFileType = text.plist.xml; path = Info.plist; sourceTree = "<group>"; };
		AD771F0C246C25EE00AAC41E /* AppStoreUITests.xctest */ = {isa = PBXFileReference; explicitFileType = wrapper.cfbundle; includeInIndex = 0; path = AppStoreUITests.xctest; sourceTree = BUILT_PRODUCTS_DIR; };
		AD771F10246C25EE00AAC41E /* AppStoreUITests.swift */ = {isa = PBXFileReference; lastKnownFileType = sourcecode.swift; path = AppStoreUITests.swift; sourceTree = "<group>"; };
		AD771F12246C25EE00AAC41E /* Info.plist */ = {isa = PBXFileReference; lastKnownFileType = text.plist.xml; path = Info.plist; sourceTree = "<group>"; };
		AD7AAF6B246F25EE00578846 /* AppCellForGroups.swift */ = {isa = PBXFileReference; lastKnownFileType = sourcecode.swift; path = AppCellForGroups.swift; sourceTree = "<group>"; };
		AD911F12246DA67500D9EB35 /* SearchResult.swift */ = {isa = PBXFileReference; lastKnownFileType = sourcecode.swift; path = SearchResult.swift; sourceTree = "<group>"; };
		AD911F15246DA74700D9EB35 /* Networking.swift */ = {isa = PBXFileReference; lastKnownFileType = sourcecode.swift; path = Networking.swift; sourceTree = "<group>"; };
		AD911F19246EE65800D9EB35 /* AppsBaseCollectionViewController.swift */ = {isa = PBXFileReference; lastKnownFileType = sourcecode.swift; path = AppsBaseCollectionViewController.swift; sourceTree = "<group>"; };
		AD911F1B246EE66E00D9EB35 /* AppsHorizontalController.swift */ = {isa = PBXFileReference; lastKnownFileType = sourcecode.swift; path = AppsHorizontalController.swift; sourceTree = "<group>"; };
		AD911F1D246EE6A100D9EB35 /* BaseCollectionViewController.swift */ = {isa = PBXFileReference; lastKnownFileType = sourcecode.swift; path = BaseCollectionViewController.swift; sourceTree = "<group>"; };
		AD911F1F246EE89800D9EB35 /* AppsGroupCell.swift */ = {isa = PBXFileReference; lastKnownFileType = sourcecode.swift; path = AppsGroupCell.swift; sourceTree = "<group>"; };
		ADB679902474343700263828 /* PreviewScreenshotsController.swift */ = {isa = PBXFileReference; lastKnownFileType = sourcecode.swift; path = PreviewScreenshotsController.swift; sourceTree = "<group>"; };
		ADB67992247434F000263828 /* PreviewScreenshotCell.swift */ = {isa = PBXFileReference; lastKnownFileType = sourcecode.swift; path = PreviewScreenshotCell.swift; sourceTree = "<group>"; };
		ADB679942474559000263828 /* ReviewCell.swift */ = {isa = PBXFileReference; lastKnownFileType = sourcecode.swift; path = ReviewCell.swift; sourceTree = "<group>"; };
		ADB679962474566200263828 /* ReviewCollectionController.swift */ = {isa = PBXFileReference; lastKnownFileType = sourcecode.swift; path = ReviewCollectionController.swift; sourceTree = "<group>"; };
		ADB67998247456BF00263828 /* ReviewHorizontalCells.swift */ = {isa = PBXFileReference; lastKnownFileType = sourcecode.swift; path = ReviewHorizontalCells.swift; sourceTree = "<group>"; };
		ADB6799A2474829100263828 /* Reviews.swift */ = {isa = PBXFileReference; lastKnownFileType = sourcecode.swift; path = Reviews.swift; sourceTree = "<group>"; };
		ADDC94082471EC8300402059 /* AppGroup.swift */ = {isa = PBXFileReference; lastKnownFileType = sourcecode.swift; path = AppGroup.swift; sourceTree = "<group>"; };
		BD3CE835CF0A59318A78BFDF /* Pods-AppStoreTests.debug.xcconfig */ = {isa = PBXFileReference; includeInIndex = 1; lastKnownFileType = text.xcconfig; name = "Pods-AppStoreTests.debug.xcconfig"; path = "Target Support Files/Pods-AppStoreTests/Pods-AppStoreTests.debug.xcconfig"; sourceTree = "<group>"; };
		FA1E99A1A2FBB3634358AF03 /* Pods_AppStore_AppStoreUITests.framework */ = {isa = PBXFileReference; explicitFileType = wrapper.framework; includeInIndex = 0; path = Pods_AppStore_AppStoreUITests.framework; sourceTree = BUILT_PRODUCTS_DIR; };
/* End PBXFileReference section */

/* Begin PBXFrameworksBuildPhase section */
		AD771EE5246C25ED00AAC41E /* Frameworks */ = {
			isa = PBXFrameworksBuildPhase;
			buildActionMask = 2147483647;
			files = (
				E6FCF72CC126685D8A810B8A /* Pods_AppStore.framework in Frameworks */,
			);
			runOnlyForDeploymentPostprocessing = 0;
		};
		AD771EFE246C25EE00AAC41E /* Frameworks */ = {
			isa = PBXFrameworksBuildPhase;
			buildActionMask = 2147483647;
			files = (
				C199F3CBEE5AAA2040F40BC4 /* Pods_AppStoreTests.framework in Frameworks */,
			);
			runOnlyForDeploymentPostprocessing = 0;
		};
		AD771F09246C25EE00AAC41E /* Frameworks */ = {
			isa = PBXFrameworksBuildPhase;
			buildActionMask = 2147483647;
			files = (
				7FB42D3A2BE8084488C24F32 /* Pods_AppStore_AppStoreUITests.framework in Frameworks */,
			);
			runOnlyForDeploymentPostprocessing = 0;
		};
/* End PBXFrameworksBuildPhase section */

/* Begin PBXGroup section */
		AD3514C824731F8E00447F6A /* Details */ = {
			isa = PBXGroup;
			children = (
				AD3514C924731F9E00447F6A /* AppDetailController.swift */,
				ADB679902474343700263828 /* PreviewScreenshotsController.swift */,
				ADB679962474566200263828 /* ReviewCollectionController.swift */,
			);
			path = Details;
			sourceTree = "<group>";
		};
		AD3514CB24735D2900447F6A /* Detail */ = {
			isa = PBXGroup;
			children = (
				AD3514CC24735D5500447F6A /* AppDetailCell.swift */,
				ADB67992247434F000263828 /* PreviewScreenshotCell.swift */,
				ADB679942474559000263828 /* ReviewCell.swift */,
				ADB67998247456BF00263828 /* ReviewHorizontalCells.swift */,
			);
			path = Detail;
			sourceTree = "<group>";
		};
		AD5F2DFB246C7D0600CB026F /* Views */ = {
			isa = PBXGroup;
			children = (
				AD7AAF6A246F25C000578846 /* Apps */,
				AD7AAF69246F25AB00578846 /* Search */,
			);
			path = Views;
			sourceTree = "<group>";
		};
		AD75AB7D246C4CF100407638 /* ViewController */ = {
			isa = PBXGroup;
			children = (
				AD911F18246EE60A00D9EB35 /* Search */,
				AD911F17246EE5FF00D9EB35 /* Apps */,
				AD771EEF246C25ED00AAC41E /* BaseViewController.swift */,
				AD911F1D246EE6A100D9EB35 /* BaseCollectionViewController.swift */,
			);
			path = ViewController;
			sourceTree = "<group>";
		};
		AD75AB7E246C4D0300407638 /* Util */ = {
			isa = PBXGroup;
			children = (
				AD75AB7B246C480900407638 /* Constants.swift */,
				AD5F2DFE246CD7AC00CB026F /* UIView+Layout.swift */,
				AD5F2DFF246CD7AC00CB026F /* VerticalStackView.swift */,
				AD6C57B424704AAE00CE60E7 /* Extensions.swift */,
				AD3514C4247310B000447F6A /* BetterSnappingLayout.swift */,
				AD3514C6247311AC00447F6A /* HorizontalSnappingViewController.swift */,
			);
			path = Util;
			sourceTree = "<group>";
		};
		AD771EDF246C25ED00AAC41E = {
			isa = PBXGroup;
			children = (
				AD771EEA246C25ED00AAC41E /* AppStore */,
				AD771F04246C25EE00AAC41E /* AppStoreTests */,
				AD771F0F246C25EE00AAC41E /* AppStoreUITests */,
				AD771EE9246C25ED00AAC41E /* Products */,
				E347A2C6B958FDE41E685397 /* Pods */,
				AF4AAE378D679DDBB73C13ED /* Frameworks */,
			);
			sourceTree = "<group>";
		};
		AD771EE9246C25ED00AAC41E /* Products */ = {
			isa = PBXGroup;
			children = (
				AD771EE8246C25ED00AAC41E /* AppStore.app */,
				AD771F01246C25EE00AAC41E /* AppStoreTests.xctest */,
				AD771F0C246C25EE00AAC41E /* AppStoreUITests.xctest */,
			);
			name = Products;
			sourceTree = "<group>";
		};
		AD771EEA246C25ED00AAC41E /* AppStore */ = {
			isa = PBXGroup;
			children = (
				AD911F14246DA71100D9EB35 /* ViewModels */,
				AD911F11246DA66400D9EB35 /* Model */,
				AD5F2DFB246C7D0600CB026F /* Views */,
				AD75AB7E246C4D0300407638 /* Util */,
				AD75AB7D246C4CF100407638 /* ViewController */,
				AD771EEB246C25ED00AAC41E /* AppDelegate.swift */,
				AD771EED246C25ED00AAC41E /* SceneDelegate.swift */,
				AD771EF1246C25ED00AAC41E /* Main.storyboard */,
				AD771EF7246C25EE00AAC41E /* Assets.xcassets */,
				AD771EF9246C25EE00AAC41E /* LaunchScreen.storyboard */,
				AD771EFC246C25EE00AAC41E /* Info.plist */,
				AD771EF4246C25ED00AAC41E /* AppStore.xcdatamodeld */,
			);
			path = AppStore;
			sourceTree = "<group>";
		};
		AD771F04246C25EE00AAC41E /* AppStoreTests */ = {
			isa = PBXGroup;
			children = (
				AD771F05246C25EE00AAC41E /* AppStoreTests.swift */,
				AD771F07246C25EE00AAC41E /* Info.plist */,
			);
			path = AppStoreTests;
			sourceTree = "<group>";
		};
		AD771F0F246C25EE00AAC41E /* AppStoreUITests */ = {
			isa = PBXGroup;
			children = (
				AD771F10246C25EE00AAC41E /* AppStoreUITests.swift */,
				AD771F12246C25EE00AAC41E /* Info.plist */,
			);
			path = AppStoreUITests;
			sourceTree = "<group>";
		};
		AD7AAF69246F25AB00578846 /* Search */ = {
			isa = PBXGroup;
			children = (
				AD5F2DFC246C7D2D00CB026F /* SearchResultCell.swift */,
			);
			path = Search;
			sourceTree = "<group>";
		};
		AD7AAF6A246F25C000578846 /* Apps */ = {
			isa = PBXGroup;
			children = (
				AD3514CB24735D2900447F6A /* Detail */,
				AD911F1F246EE89800D9EB35 /* AppsGroupCell.swift */,
				AD7AAF6B246F25EE00578846 /* AppCellForGroups.swift */,
				AD724BEE2470E37C00E9E1BB /* AppsPageHeader.swift */,
				AD2786E02471E03A00A35D46 /* AppsHeaderCell.swift */,
			);
			path = Apps;
			sourceTree = "<group>";
		};
		AD911F11246DA66400D9EB35 /* Model */ = {
			isa = PBXGroup;
			children = (
				AD911F12246DA67500D9EB35 /* SearchResult.swift */,
				AD911F15246DA74700D9EB35 /* Networking.swift */,
				ADDC94082471EC8300402059 /* AppGroup.swift */,
				AD3514C22472D67800447F6A /* SocialHeader.swift */,
				ADB6799A2474829100263828 /* Reviews.swift */,
			);
			path = Model;
			sourceTree = "<group>";
		};
		AD911F14246DA71100D9EB35 /* ViewModels */ = {
			isa = PBXGroup;
			children = (
			);
			path = ViewModels;
			sourceTree = "<group>";
		};
		AD911F17246EE5FF00D9EB35 /* Apps */ = {
			isa = PBXGroup;
			children = (
				AD3514C824731F8E00447F6A /* Details */,
				AD911F19246EE65800D9EB35 /* AppsBaseCollectionViewController.swift */,
				AD911F1B246EE66E00D9EB35 /* AppsHorizontalController.swift */,
				AD2786DE2471DDE800A35D46 /* AppsHeaderHorizontalController.swift */,
			);
			path = Apps;
			sourceTree = "<group>";
		};
		AD911F18246EE60A00D9EB35 /* Search */ = {
			isa = PBXGroup;
			children = (
				AD75AB7F246C4D1900407638 /* AppSearchController.swift */,
			);
			path = Search;
			sourceTree = "<group>";
		};
		AF4AAE378D679DDBB73C13ED /* Frameworks */ = {
			isa = PBXGroup;
			children = (
				4F5A112B1E1D99F86571D6E8 /* Pods_AppStore.framework */,
				FA1E99A1A2FBB3634358AF03 /* Pods_AppStore_AppStoreUITests.framework */,
				3E1FBDEC362CE096F8398C15 /* Pods_AppStoreTests.framework */,
			);
			name = Frameworks;
			sourceTree = "<group>";
		};
		E347A2C6B958FDE41E685397 /* Pods */ = {
			isa = PBXGroup;
			children = (
				96FA017C243068BF9F206757 /* Pods-AppStore.debug.xcconfig */,
				8184D00DC41ABCDF65D45361 /* Pods-AppStore.release.xcconfig */,
				91BF191F6F1EB8D709F5CE05 /* Pods-AppStore-AppStoreUITests.debug.xcconfig */,
				77A85F47A31CBDF361CDB627 /* Pods-AppStore-AppStoreUITests.release.xcconfig */,
				BD3CE835CF0A59318A78BFDF /* Pods-AppStoreTests.debug.xcconfig */,
				94124C5824D26E936F783DFD /* Pods-AppStoreTests.release.xcconfig */,
			);
			path = Pods;
			sourceTree = "<group>";
		};
/* End PBXGroup section */

/* Begin PBXNativeTarget section */
		AD771EE7246C25ED00AAC41E /* AppStore */ = {
			isa = PBXNativeTarget;
			buildConfigurationList = AD771F15246C25EE00AAC41E /* Build configuration list for PBXNativeTarget "AppStore" */;
			buildPhases = (
				1089A919DEFD46B04B625207 /* [CP] Check Pods Manifest.lock */,
				AD771EE4246C25ED00AAC41E /* Sources */,
				AD771EE5246C25ED00AAC41E /* Frameworks */,
				AD771EE6246C25ED00AAC41E /* Resources */,
				BA6FA2973A6F451F0D34AE4D /* [CP] Embed Pods Frameworks */,
			);
			buildRules = (
			);
			dependencies = (
			);
			name = AppStore;
			productName = AppStore;
			productReference = AD771EE8246C25ED00AAC41E /* AppStore.app */;
			productType = "com.apple.product-type.application";
		};
		AD771F00246C25EE00AAC41E /* AppStoreTests */ = {
			isa = PBXNativeTarget;
			buildConfigurationList = AD771F18246C25EE00AAC41E /* Build configuration list for PBXNativeTarget "AppStoreTests" */;
			buildPhases = (
				C98B58362EBDBE7FA389A3D0 /* [CP] Check Pods Manifest.lock */,
				AD771EFD246C25EE00AAC41E /* Sources */,
				AD771EFE246C25EE00AAC41E /* Frameworks */,
				AD771EFF246C25EE00AAC41E /* Resources */,
			);
			buildRules = (
			);
			dependencies = (
				AD771F03246C25EE00AAC41E /* PBXTargetDependency */,
			);
			name = AppStoreTests;
			productName = AppStoreTests;
			productReference = AD771F01246C25EE00AAC41E /* AppStoreTests.xctest */;
			productType = "com.apple.product-type.bundle.unit-test";
		};
		AD771F0B246C25EE00AAC41E /* AppStoreUITests */ = {
			isa = PBXNativeTarget;
			buildConfigurationList = AD771F1B246C25EE00AAC41E /* Build configuration list for PBXNativeTarget "AppStoreUITests" */;
			buildPhases = (
				5EE15E2C20088493EE2D2C29 /* [CP] Check Pods Manifest.lock */,
				AD771F08246C25EE00AAC41E /* Sources */,
				AD771F09246C25EE00AAC41E /* Frameworks */,
				AD771F0A246C25EE00AAC41E /* Resources */,
				78A45ED0A0A835F79CA75110 /* [CP] Embed Pods Frameworks */,
			);
			buildRules = (
			);
			dependencies = (
				AD771F0E246C25EE00AAC41E /* PBXTargetDependency */,
			);
			name = AppStoreUITests;
			productName = AppStoreUITests;
			productReference = AD771F0C246C25EE00AAC41E /* AppStoreUITests.xctest */;
			productType = "com.apple.product-type.bundle.ui-testing";
		};
/* End PBXNativeTarget section */

/* Begin PBXProject section */
		AD771EE0246C25ED00AAC41E /* Project object */ = {
			isa = PBXProject;
			attributes = {
				LastSwiftUpdateCheck = 1140;
				LastUpgradeCheck = 1140;
				ORGANIZATIONNAME = Agredo;
				TargetAttributes = {
					AD771EE7246C25ED00AAC41E = {
						CreatedOnToolsVersion = 11.4.1;
					};
					AD771F00246C25EE00AAC41E = {
						CreatedOnToolsVersion = 11.4.1;
						TestTargetID = AD771EE7246C25ED00AAC41E;
					};
					AD771F0B246C25EE00AAC41E = {
						CreatedOnToolsVersion = 11.4.1;
						TestTargetID = AD771EE7246C25ED00AAC41E;
					};
				};
			};
			buildConfigurationList = AD771EE3246C25ED00AAC41E /* Build configuration list for PBXProject "AppStore" */;
			compatibilityVersion = "Xcode 9.3";
			developmentRegion = en;
			hasScannedForEncodings = 0;
			knownRegions = (
				en,
				Base,
			);
			mainGroup = AD771EDF246C25ED00AAC41E;
			productRefGroup = AD771EE9246C25ED00AAC41E /* Products */;
			projectDirPath = "";
			projectRoot = "";
			targets = (
				AD771EE7246C25ED00AAC41E /* AppStore */,
				AD771F00246C25EE00AAC41E /* AppStoreTests */,
				AD771F0B246C25EE00AAC41E /* AppStoreUITests */,
			);
		};
/* End PBXProject section */

/* Begin PBXResourcesBuildPhase section */
		AD771EE6246C25ED00AAC41E /* Resources */ = {
			isa = PBXResourcesBuildPhase;
			buildActionMask = 2147483647;
			files = (
				AD771EFB246C25EE00AAC41E /* LaunchScreen.storyboard in Resources */,
				AD771EF8246C25EE00AAC41E /* Assets.xcassets in Resources */,
				AD771EF3246C25ED00AAC41E /* Main.storyboard in Resources */,
			);
			runOnlyForDeploymentPostprocessing = 0;
		};
		AD771EFF246C25EE00AAC41E /* Resources */ = {
			isa = PBXResourcesBuildPhase;
			buildActionMask = 2147483647;
			files = (
			);
			runOnlyForDeploymentPostprocessing = 0;
		};
		AD771F0A246C25EE00AAC41E /* Resources */ = {
			isa = PBXResourcesBuildPhase;
			buildActionMask = 2147483647;
			files = (
			);
			runOnlyForDeploymentPostprocessing = 0;
		};
/* End PBXResourcesBuildPhase section */

/* Begin PBXShellScriptBuildPhase section */
		1089A919DEFD46B04B625207 /* [CP] Check Pods Manifest.lock */ = {
			isa = PBXShellScriptBuildPhase;
			buildActionMask = 2147483647;
			files = (
			);
			inputFileListPaths = (
			);
			inputPaths = (
				"${PODS_PODFILE_DIR_PATH}/Podfile.lock",
				"${PODS_ROOT}/Manifest.lock",
			);
			name = "[CP] Check Pods Manifest.lock";
			outputFileListPaths = (
			);
			outputPaths = (
				"$(DERIVED_FILE_DIR)/Pods-AppStore-checkManifestLockResult.txt",
			);
			runOnlyForDeploymentPostprocessing = 0;
			shellPath = /bin/sh;
			shellScript = "diff \"${PODS_PODFILE_DIR_PATH}/Podfile.lock\" \"${PODS_ROOT}/Manifest.lock\" > /dev/null\nif [ $? != 0 ] ; then\n    # print error to STDERR\n    echo \"error: The sandbox is not in sync with the Podfile.lock. Run 'pod install' or update your CocoaPods installation.\" >&2\n    exit 1\nfi\n# This output is used by Xcode 'outputs' to avoid re-running this script phase.\necho \"SUCCESS\" > \"${SCRIPT_OUTPUT_FILE_0}\"\n";
			showEnvVarsInLog = 0;
		};
		5EE15E2C20088493EE2D2C29 /* [CP] Check Pods Manifest.lock */ = {
			isa = PBXShellScriptBuildPhase;
			buildActionMask = 2147483647;
			files = (
			);
			inputFileListPaths = (
			);
			inputPaths = (
				"${PODS_PODFILE_DIR_PATH}/Podfile.lock",
				"${PODS_ROOT}/Manifest.lock",
			);
			name = "[CP] Check Pods Manifest.lock";
			outputFileListPaths = (
			);
			outputPaths = (
				"$(DERIVED_FILE_DIR)/Pods-AppStore-AppStoreUITests-checkManifestLockResult.txt",
			);
			runOnlyForDeploymentPostprocessing = 0;
			shellPath = /bin/sh;
			shellScript = "diff \"${PODS_PODFILE_DIR_PATH}/Podfile.lock\" \"${PODS_ROOT}/Manifest.lock\" > /dev/null\nif [ $? != 0 ] ; then\n    # print error to STDERR\n    echo \"error: The sandbox is not in sync with the Podfile.lock. Run 'pod install' or update your CocoaPods installation.\" >&2\n    exit 1\nfi\n# This output is used by Xcode 'outputs' to avoid re-running this script phase.\necho \"SUCCESS\" > \"${SCRIPT_OUTPUT_FILE_0}\"\n";
			showEnvVarsInLog = 0;
		};
		78A45ED0A0A835F79CA75110 /* [CP] Embed Pods Frameworks */ = {
			isa = PBXShellScriptBuildPhase;
			buildActionMask = 2147483647;
			files = (
			);
			inputFileListPaths = (
				"${PODS_ROOT}/Target Support Files/Pods-AppStore-AppStoreUITests/Pods-AppStore-AppStoreUITests-frameworks-${CONFIGURATION}-input-files.xcfilelist",
			);
			name = "[CP] Embed Pods Frameworks";
			outputFileListPaths = (
				"${PODS_ROOT}/Target Support Files/Pods-AppStore-AppStoreUITests/Pods-AppStore-AppStoreUITests-frameworks-${CONFIGURATION}-output-files.xcfilelist",
			);
			runOnlyForDeploymentPostprocessing = 0;
			shellPath = /bin/sh;
			shellScript = "\"${PODS_ROOT}/Target Support Files/Pods-AppStore-AppStoreUITests/Pods-AppStore-AppStoreUITests-frameworks.sh\"\n";
			showEnvVarsInLog = 0;
		};
		BA6FA2973A6F451F0D34AE4D /* [CP] Embed Pods Frameworks */ = {
			isa = PBXShellScriptBuildPhase;
			buildActionMask = 2147483647;
			files = (
			);
			inputFileListPaths = (
				"${PODS_ROOT}/Target Support Files/Pods-AppStore/Pods-AppStore-frameworks-${CONFIGURATION}-input-files.xcfilelist",
			);
			name = "[CP] Embed Pods Frameworks";
			outputFileListPaths = (
				"${PODS_ROOT}/Target Support Files/Pods-AppStore/Pods-AppStore-frameworks-${CONFIGURATION}-output-files.xcfilelist",
			);
			runOnlyForDeploymentPostprocessing = 0;
			shellPath = /bin/sh;
			shellScript = "\"${PODS_ROOT}/Target Support Files/Pods-AppStore/Pods-AppStore-frameworks.sh\"\n";
			showEnvVarsInLog = 0;
		};
		C98B58362EBDBE7FA389A3D0 /* [CP] Check Pods Manifest.lock */ = {
			isa = PBXShellScriptBuildPhase;
			buildActionMask = 2147483647;
			files = (
			);
			inputFileListPaths = (
			);
			inputPaths = (
				"${PODS_PODFILE_DIR_PATH}/Podfile.lock",
				"${PODS_ROOT}/Manifest.lock",
			);
			name = "[CP] Check Pods Manifest.lock";
			outputFileListPaths = (
			);
			outputPaths = (
				"$(DERIVED_FILE_DIR)/Pods-AppStoreTests-checkManifestLockResult.txt",
			);
			runOnlyForDeploymentPostprocessing = 0;
			shellPath = /bin/sh;
			shellScript = "diff \"${PODS_PODFILE_DIR_PATH}/Podfile.lock\" \"${PODS_ROOT}/Manifest.lock\" > /dev/null\nif [ $? != 0 ] ; then\n    # print error to STDERR\n    echo \"error: The sandbox is not in sync with the Podfile.lock. Run 'pod install' or update your CocoaPods installation.\" >&2\n    exit 1\nfi\n# This output is used by Xcode 'outputs' to avoid re-running this script phase.\necho \"SUCCESS\" > \"${SCRIPT_OUTPUT_FILE_0}\"\n";
			showEnvVarsInLog = 0;
		};
/* End PBXShellScriptBuildPhase section */

/* Begin PBXSourcesBuildPhase section */
		AD771EE4246C25ED00AAC41E /* Sources */ = {
			isa = PBXSourcesBuildPhase;
			buildActionMask = 2147483647;
			files = (
				AD5F2E00246CD7AC00CB026F /* UIView+Layout.swift in Sources */,
				AD911F16246DA74700D9EB35 /* Networking.swift in Sources */,
				ADB67993247434F000263828 /* PreviewScreenshotCell.swift in Sources */,
				ADB679952474559000263828 /* ReviewCell.swift in Sources */,
				AD5F2E01246CD7AC00CB026F /* VerticalStackView.swift in Sources */,
				AD911F13246DA67500D9EB35 /* SearchResult.swift in Sources */,
				ADB679912474343700263828 /* PreviewScreenshotsController.swift in Sources */,
				AD911F20246EE89800D9EB35 /* AppsGroupCell.swift in Sources */,
				AD5F2DFD246C7D2D00CB026F /* SearchResultCell.swift in Sources */,
				ADB67999247456BF00263828 /* ReviewHorizontalCells.swift in Sources */,
				AD75AB7C246C480900407638 /* Constants.swift in Sources */,
				AD911F1A246EE65800D9EB35 /* AppsBaseCollectionViewController.swift in Sources */,
				AD75AB80246C4D1900407638 /* AppSearchController.swift in Sources */,
				ADB6799B2474829100263828 /* Reviews.swift in Sources */,
				AD7AAF6C246F25EE00578846 /* AppCellForGroups.swift in Sources */,
				AD3514CD24735D5500447F6A /* AppDetailCell.swift in Sources */,
				AD3514C5247310B000447F6A /* BetterSnappingLayout.swift in Sources */,
				ADDC94092471EC8300402059 /* AppGroup.swift in Sources */,
				AD2786DF2471DDE800A35D46 /* AppsHeaderHorizontalController.swift in Sources */,
				AD771EF0246C25ED00AAC41E /* BaseViewController.swift in Sources */,
				ADB679972474566200263828 /* ReviewCollectionController.swift in Sources */,
				AD3514C32472D67800447F6A /* SocialHeader.swift in Sources */,
				AD2786E12471E03A00A35D46 /* AppsHeaderCell.swift in Sources */,
				AD771EEC246C25ED00AAC41E /* AppDelegate.swift in Sources */,
				AD771EEE246C25ED00AAC41E /* SceneDelegate.swift in Sources */,
				AD3514CA24731F9E00447F6A /* AppDetailController.swift in Sources */,
				AD3514C7247311AC00447F6A /* HorizontalSnappingViewController.swift in Sources */,
				AD911F1E246EE6A100D9EB35 /* BaseCollectionViewController.swift in Sources */,
				AD6C57B524704AAE00CE60E7 /* Extensions.swift in Sources */,
				AD724BEF2470E37C00E9E1BB /* AppsPageHeader.swift in Sources */,
				AD911F1C246EE66E00D9EB35 /* AppsHorizontalController.swift in Sources */,
				AD771EF6246C25ED00AAC41E /* AppStore.xcdatamodeld in Sources */,
			);
			runOnlyForDeploymentPostprocessing = 0;
		};
		AD771EFD246C25EE00AAC41E /* Sources */ = {
			isa = PBXSourcesBuildPhase;
			buildActionMask = 2147483647;
			files = (
				AD771F06246C25EE00AAC41E /* AppStoreTests.swift in Sources */,
			);
			runOnlyForDeploymentPostprocessing = 0;
		};
		AD771F08246C25EE00AAC41E /* Sources */ = {
			isa = PBXSourcesBuildPhase;
			buildActionMask = 2147483647;
			files = (
				AD771F11246C25EE00AAC41E /* AppStoreUITests.swift in Sources */,
			);
			runOnlyForDeploymentPostprocessing = 0;
		};
/* End PBXSourcesBuildPhase section */

/* Begin PBXTargetDependency section */
		AD771F03246C25EE00AAC41E /* PBXTargetDependency */ = {
			isa = PBXTargetDependency;
			target = AD771EE7246C25ED00AAC41E /* AppStore */;
			targetProxy = AD771F02246C25EE00AAC41E /* PBXContainerItemProxy */;
		};
		AD771F0E246C25EE00AAC41E /* PBXTargetDependency */ = {
			isa = PBXTargetDependency;
			target = AD771EE7246C25ED00AAC41E /* AppStore */;
			targetProxy = AD771F0D246C25EE00AAC41E /* PBXContainerItemProxy */;
		};
/* End PBXTargetDependency section */

/* Begin PBXVariantGroup section */
		AD771EF1246C25ED00AAC41E /* Main.storyboard */ = {
			isa = PBXVariantGroup;
			children = (
				AD771EF2246C25ED00AAC41E /* Base */,
			);
			name = Main.storyboard;
			sourceTree = "<group>";
		};
		AD771EF9246C25EE00AAC41E /* LaunchScreen.storyboard */ = {
			isa = PBXVariantGroup;
			children = (
				AD771EFA246C25EE00AAC41E /* Base */,
			);
			name = LaunchScreen.storyboard;
			sourceTree = "<group>";
		};
/* End PBXVariantGroup section */

/* Begin XCBuildConfiguration section */
		AD771F13246C25EE00AAC41E /* Debug */ = {
			isa = XCBuildConfiguration;
			buildSettings = {
				ALWAYS_SEARCH_USER_PATHS = NO;
				CLANG_ANALYZER_NONNULL = YES;
				CLANG_ANALYZER_NUMBER_OBJECT_CONVERSION = YES_AGGRESSIVE;
				CLANG_CXX_LANGUAGE_STANDARD = "gnu++14";
				CLANG_CXX_LIBRARY = "libc++";
				CLANG_ENABLE_MODULES = YES;
				CLANG_ENABLE_OBJC_ARC = YES;
				CLANG_ENABLE_OBJC_WEAK = YES;
				CLANG_WARN_BLOCK_CAPTURE_AUTORELEASING = YES;
				CLANG_WARN_BOOL_CONVERSION = YES;
				CLANG_WARN_COMMA = YES;
				CLANG_WARN_CONSTANT_CONVERSION = YES;
				CLANG_WARN_DEPRECATED_OBJC_IMPLEMENTATIONS = YES;
				CLANG_WARN_DIRECT_OBJC_ISA_USAGE = YES_ERROR;
				CLANG_WARN_DOCUMENTATION_COMMENTS = YES;
				CLANG_WARN_EMPTY_BODY = YES;
				CLANG_WARN_ENUM_CONVERSION = YES;
				CLANG_WARN_INFINITE_RECURSION = YES;
				CLANG_WARN_INT_CONVERSION = YES;
				CLANG_WARN_NON_LITERAL_NULL_CONVERSION = YES;
				CLANG_WARN_OBJC_IMPLICIT_RETAIN_SELF = YES;
				CLANG_WARN_OBJC_LITERAL_CONVERSION = YES;
				CLANG_WARN_OBJC_ROOT_CLASS = YES_ERROR;
				CLANG_WARN_RANGE_LOOP_ANALYSIS = YES;
				CLANG_WARN_STRICT_PROTOTYPES = YES;
				CLANG_WARN_SUSPICIOUS_MOVE = YES;
				CLANG_WARN_UNGUARDED_AVAILABILITY = YES_AGGRESSIVE;
				CLANG_WARN_UNREACHABLE_CODE = YES;
				CLANG_WARN__DUPLICATE_METHOD_MATCH = YES;
				COPY_PHASE_STRIP = NO;
				DEBUG_INFORMATION_FORMAT = dwarf;
				ENABLE_STRICT_OBJC_MSGSEND = YES;
				ENABLE_TESTABILITY = YES;
				GCC_C_LANGUAGE_STANDARD = gnu11;
				GCC_DYNAMIC_NO_PIC = NO;
				GCC_NO_COMMON_BLOCKS = YES;
				GCC_OPTIMIZATION_LEVEL = 0;
				GCC_PREPROCESSOR_DEFINITIONS = (
					"DEBUG=1",
					"$(inherited)",
				);
				GCC_WARN_64_TO_32_BIT_CONVERSION = YES;
				GCC_WARN_ABOUT_RETURN_TYPE = YES_ERROR;
				GCC_WARN_UNDECLARED_SELECTOR = YES;
				GCC_WARN_UNINITIALIZED_AUTOS = YES_AGGRESSIVE;
				GCC_WARN_UNUSED_FUNCTION = YES;
				GCC_WARN_UNUSED_VARIABLE = YES;
				IPHONEOS_DEPLOYMENT_TARGET = 13.4;
				MTL_ENABLE_DEBUG_INFO = INCLUDE_SOURCE;
				MTL_FAST_MATH = YES;
				ONLY_ACTIVE_ARCH = YES;
				SDKROOT = iphoneos;
				SWIFT_ACTIVE_COMPILATION_CONDITIONS = DEBUG;
				SWIFT_OPTIMIZATION_LEVEL = "-Onone";
			};
			name = Debug;
		};
		AD771F14246C25EE00AAC41E /* Release */ = {
			isa = XCBuildConfiguration;
			buildSettings = {
				ALWAYS_SEARCH_USER_PATHS = NO;
				CLANG_ANALYZER_NONNULL = YES;
				CLANG_ANALYZER_NUMBER_OBJECT_CONVERSION = YES_AGGRESSIVE;
				CLANG_CXX_LANGUAGE_STANDARD = "gnu++14";
				CLANG_CXX_LIBRARY = "libc++";
				CLANG_ENABLE_MODULES = YES;
				CLANG_ENABLE_OBJC_ARC = YES;
				CLANG_ENABLE_OBJC_WEAK = YES;
				CLANG_WARN_BLOCK_CAPTURE_AUTORELEASING = YES;
				CLANG_WARN_BOOL_CONVERSION = YES;
				CLANG_WARN_COMMA = YES;
				CLANG_WARN_CONSTANT_CONVERSION = YES;
				CLANG_WARN_DEPRECATED_OBJC_IMPLEMENTATIONS = YES;
				CLANG_WARN_DIRECT_OBJC_ISA_USAGE = YES_ERROR;
				CLANG_WARN_DOCUMENTATION_COMMENTS = YES;
				CLANG_WARN_EMPTY_BODY = YES;
				CLANG_WARN_ENUM_CONVERSION = YES;
				CLANG_WARN_INFINITE_RECURSION = YES;
				CLANG_WARN_INT_CONVERSION = YES;
				CLANG_WARN_NON_LITERAL_NULL_CONVERSION = YES;
				CLANG_WARN_OBJC_IMPLICIT_RETAIN_SELF = YES;
				CLANG_WARN_OBJC_LITERAL_CONVERSION = YES;
				CLANG_WARN_OBJC_ROOT_CLASS = YES_ERROR;
				CLANG_WARN_RANGE_LOOP_ANALYSIS = YES;
				CLANG_WARN_STRICT_PROTOTYPES = YES;
				CLANG_WARN_SUSPICIOUS_MOVE = YES;
				CLANG_WARN_UNGUARDED_AVAILABILITY = YES_AGGRESSIVE;
				CLANG_WARN_UNREACHABLE_CODE = YES;
				CLANG_WARN__DUPLICATE_METHOD_MATCH = YES;
				COPY_PHASE_STRIP = NO;
				DEBUG_INFORMATION_FORMAT = "dwarf-with-dsym";
				ENABLE_NS_ASSERTIONS = NO;
				ENABLE_STRICT_OBJC_MSGSEND = YES;
				GCC_C_LANGUAGE_STANDARD = gnu11;
				GCC_NO_COMMON_BLOCKS = YES;
				GCC_WARN_64_TO_32_BIT_CONVERSION = YES;
				GCC_WARN_ABOUT_RETURN_TYPE = YES_ERROR;
				GCC_WARN_UNDECLARED_SELECTOR = YES;
				GCC_WARN_UNINITIALIZED_AUTOS = YES_AGGRESSIVE;
				GCC_WARN_UNUSED_FUNCTION = YES;
				GCC_WARN_UNUSED_VARIABLE = YES;
				IPHONEOS_DEPLOYMENT_TARGET = 13.4;
				MTL_ENABLE_DEBUG_INFO = NO;
				MTL_FAST_MATH = YES;
				SDKROOT = iphoneos;
				SWIFT_COMPILATION_MODE = wholemodule;
				SWIFT_OPTIMIZATION_LEVEL = "-O";
				VALIDATE_PRODUCT = YES;
			};
			name = Release;
		};
		AD771F16246C25EE00AAC41E /* Debug */ = {
			isa = XCBuildConfiguration;
			baseConfigurationReference = 96FA017C243068BF9F206757 /* Pods-AppStore.debug.xcconfig */;
			buildSettings = {
				ASSETCATALOG_COMPILER_APPICON_NAME = AppIcon;
				CODE_SIGN_STYLE = Automatic;
				DEVELOPMENT_TEAM = XP5293KE77;
				INFOPLIST_FILE = AppStore/Info.plist;
				LD_RUNPATH_SEARCH_PATHS = (
					"$(inherited)",
					"@executable_path/Frameworks",
				);
				PRODUCT_BUNDLE_IDENTIFIER = com.agredo.AppStore;
				PRODUCT_NAME = "$(TARGET_NAME)";
				SWIFT_VERSION = 5.0;
				TARGETED_DEVICE_FAMILY = "1,2";
			};
			name = Debug;
		};
		AD771F17246C25EE00AAC41E /* Release */ = {
			isa = XCBuildConfiguration;
			baseConfigurationReference = 8184D00DC41ABCDF65D45361 /* Pods-AppStore.release.xcconfig */;
			buildSettings = {
				ASSETCATALOG_COMPILER_APPICON_NAME = AppIcon;
				CODE_SIGN_STYLE = Automatic;
				DEVELOPMENT_TEAM = XP5293KE77;
				INFOPLIST_FILE = AppStore/Info.plist;
				LD_RUNPATH_SEARCH_PATHS = (
					"$(inherited)",
					"@executable_path/Frameworks",
				);
				PRODUCT_BUNDLE_IDENTIFIER = com.agredo.AppStore;
				PRODUCT_NAME = "$(TARGET_NAME)";
				SWIFT_VERSION = 5.0;
				TARGETED_DEVICE_FAMILY = "1,2";
			};
			name = Release;
		};
		AD771F19246C25EE00AAC41E /* Debug */ = {
			isa = XCBuildConfiguration;
			baseConfigurationReference = BD3CE835CF0A59318A78BFDF /* Pods-AppStoreTests.debug.xcconfig */;
			buildSettings = {
				ALWAYS_EMBED_SWIFT_STANDARD_LIBRARIES = YES;
				BUNDLE_LOADER = "$(TEST_HOST)";
				CODE_SIGN_STYLE = Automatic;
				DEVELOPMENT_TEAM = XP5293KE77;
				INFOPLIST_FILE = AppStoreTests/Info.plist;
				IPHONEOS_DEPLOYMENT_TARGET = 13.4;
				LD_RUNPATH_SEARCH_PATHS = (
					"$(inherited)",
					"@executable_path/Frameworks",
					"@loader_path/Frameworks",
				);
				PRODUCT_BUNDLE_IDENTIFIER = com.agredo.AppStoreTests;
				PRODUCT_NAME = "$(TARGET_NAME)";
				SWIFT_VERSION = 5.0;
				TARGETED_DEVICE_FAMILY = "1,2";
				TEST_HOST = "$(BUILT_PRODUCTS_DIR)/AppStore.app/AppStore";
			};
			name = Debug;
		};
		AD771F1A246C25EE00AAC41E /* Release */ = {
			isa = XCBuildConfiguration;
			baseConfigurationReference = 94124C5824D26E936F783DFD /* Pods-AppStoreTests.release.xcconfig */;
			buildSettings = {
				ALWAYS_EMBED_SWIFT_STANDARD_LIBRARIES = YES;
				BUNDLE_LOADER = "$(TEST_HOST)";
				CODE_SIGN_STYLE = Automatic;
				DEVELOPMENT_TEAM = XP5293KE77;
				INFOPLIST_FILE = AppStoreTests/Info.plist;
				IPHONEOS_DEPLOYMENT_TARGET = 13.4;
				LD_RUNPATH_SEARCH_PATHS = (
					"$(inherited)",
					"@executable_path/Frameworks",
					"@loader_path/Frameworks",
				);
				PRODUCT_BUNDLE_IDENTIFIER = com.agredo.AppStoreTests;
				PRODUCT_NAME = "$(TARGET_NAME)";
				SWIFT_VERSION = 5.0;
				TARGETED_DEVICE_FAMILY = "1,2";
				TEST_HOST = "$(BUILT_PRODUCTS_DIR)/AppStore.app/AppStore";
			};
			name = Release;
		};
		AD771F1C246C25EE00AAC41E /* Debug */ = {
			isa = XCBuildConfiguration;
			baseConfigurationReference = 91BF191F6F1EB8D709F5CE05 /* Pods-AppStore-AppStoreUITests.debug.xcconfig */;
			buildSettings = {
				ALWAYS_EMBED_SWIFT_STANDARD_LIBRARIES = YES;
				CODE_SIGN_STYLE = Automatic;
				DEVELOPMENT_TEAM = XP5293KE77;
				INFOPLIST_FILE = AppStoreUITests/Info.plist;
				LD_RUNPATH_SEARCH_PATHS = (
					"$(inherited)",
					"@executable_path/Frameworks",
					"@loader_path/Frameworks",
				);
				PRODUCT_BUNDLE_IDENTIFIER = com.agredo.AppStoreUITests;
				PRODUCT_NAME = "$(TARGET_NAME)";
				SWIFT_VERSION = 5.0;
				TARGETED_DEVICE_FAMILY = "1,2";
				TEST_TARGET_NAME = AppStore;
			};
			name = Debug;
		};
		AD771F1D246C25EE00AAC41E /* Release */ = {
			isa = XCBuildConfiguration;
			baseConfigurationReference = 77A85F47A31CBDF361CDB627 /* Pods-AppStore-AppStoreUITests.release.xcconfig */;
			buildSettings = {
				ALWAYS_EMBED_SWIFT_STANDARD_LIBRARIES = YES;
				CODE_SIGN_STYLE = Automatic;
				DEVELOPMENT_TEAM = XP5293KE77;
				INFOPLIST_FILE = AppStoreUITests/Info.plist;
				LD_RUNPATH_SEARCH_PATHS = (
					"$(inherited)",
					"@executable_path/Frameworks",
					"@loader_path/Frameworks",
				);
				PRODUCT_BUNDLE_IDENTIFIER = com.agredo.AppStoreUITests;
				PRODUCT_NAME = "$(TARGET_NAME)";
				SWIFT_VERSION = 5.0;
				TARGETED_DEVICE_FAMILY = "1,2";
				TEST_TARGET_NAME = AppStore;
			};
			name = Release;
		};
/* End XCBuildConfiguration section */

/* Begin XCConfigurationList section */
		AD771EE3246C25ED00AAC41E /* Build configuration list for PBXProject "AppStore" */ = {
			isa = XCConfigurationList;
			buildConfigurations = (
				AD771F13246C25EE00AAC41E /* Debug */,
				AD771F14246C25EE00AAC41E /* Release */,
			);
			defaultConfigurationIsVisible = 0;
			defaultConfigurationName = Release;
		};
		AD771F15246C25EE00AAC41E /* Build configuration list for PBXNativeTarget "AppStore" */ = {
			isa = XCConfigurationList;
			buildConfigurations = (
				AD771F16246C25EE00AAC41E /* Debug */,
				AD771F17246C25EE00AAC41E /* Release */,
			);
			defaultConfigurationIsVisible = 0;
			defaultConfigurationName = Release;
		};
		AD771F18246C25EE00AAC41E /* Build configuration list for PBXNativeTarget "AppStoreTests" */ = {
			isa = XCConfigurationList;
			buildConfigurations = (
				AD771F19246C25EE00AAC41E /* Debug */,
				AD771F1A246C25EE00AAC41E /* Release */,
			);
			defaultConfigurationIsVisible = 0;
			defaultConfigurationName = Release;
		};
		AD771F1B246C25EE00AAC41E /* Build configuration list for PBXNativeTarget "AppStoreUITests" */ = {
			isa = XCConfigurationList;
			buildConfigurations = (
				AD771F1C246C25EE00AAC41E /* Debug */,
				AD771F1D246C25EE00AAC41E /* Release */,
			);
			defaultConfigurationIsVisible = 0;
			defaultConfigurationName = Release;
		};
/* End XCConfigurationList section */

/* Begin XCVersionGroup section */
		AD771EF4246C25ED00AAC41E /* AppStore.xcdatamodeld */ = {
			isa = XCVersionGroup;
			children = (
				AD771EF5246C25ED00AAC41E /* AppStore.xcdatamodel */,
			);
			currentVersion = AD771EF5246C25ED00AAC41E /* AppStore.xcdatamodel */;
			path = AppStore.xcdatamodeld;
			sourceTree = "<group>";
			versionGroupType = wrapper.xcdatamodel;
		};
/* End XCVersionGroup section */
	};
	rootObject = AD771EE0246C25ED00AAC41E /* Project object */;
}
